
Microsoft Visual Studio Solution File, Format Version 12.00
# Visual Studio 15
VisualStudioVersion = 15.0.26124.0
MinimumVisualStudioVersion = 15.0.26124.0
Project("{2150E333-8FDC-42A3-9474-1A3956D46DE8}") = "src", "src", "{A51C4521-F513-4A79-A3B4-C62D17AA7183}"
EndProject
Project("{FAE04EC0-301F-11D3-BF4B-00C04F79EFBC}") = "api", "src\api\api.csproj", "{7C7EA08D-6952-40BE-9EE4-70DA02EBB536}"
EndProject
Project("{FAE04EC0-301F-11D3-BF4B-00C04F79EFBC}") = "gogoprotobuf", "src\gogoprotobuf\gogoprotobuf.csproj", "{D11BE77F-B814-48C9-8FF5-86EA2541CF2A}"
EndProject
Project("{FAE04EC0-301F-11D3-BF4B-00C04F79EFBC}") = "netmap", "src\netmap\netmap.csproj", "{057E24E8-D385-4CEB-B5AC-B5143B945A57}"
EndProject
Project("{FAE04EC0-301F-11D3-BF4B-00C04F79EFBC}") = "cmd", "src\cmd\cmd.csproj", "{E06A355B-FB29-4C0E-AE04-929B7BCF70DD}"
EndProject
Project("{FAE04EC0-301F-11D3-BF4B-00C04F79EFBC}") = "crypto", "src\crypto\crypto.csproj", "{A1DCECD0-D4D6-4DA3-BC73-4C204E4DC1BB}"
EndProject
Project("{FAE04EC0-301F-11D3-BF4B-00C04F79EFBC}") = "utils", "src\utils\utils.csproj", "{A529500B-84F2-4B4A-84C2-EE020AA5248B}"
EndProject
Global
	GlobalSection(SolutionConfigurationPlatforms) = preSolution
		Debug|Any CPU = Debug|Any CPU
		Debug|x64 = Debug|x64
		Debug|x86 = Debug|x86
		Release|Any CPU = Release|Any CPU
		Release|x64 = Release|x64
		Release|x86 = Release|x86
	EndGlobalSection
	GlobalSection(SolutionProperties) = preSolution
		HideSolutionNode = FALSE
	EndGlobalSection
	GlobalSection(ProjectConfigurationPlatforms) = postSolution
		{7C7EA08D-6952-40BE-9EE4-70DA02EBB536}.Debug|Any CPU.ActiveCfg = Debug|Any CPU
		{7C7EA08D-6952-40BE-9EE4-70DA02EBB536}.Debug|Any CPU.Build.0 = Debug|Any CPU
		{7C7EA08D-6952-40BE-9EE4-70DA02EBB536}.Debug|x64.ActiveCfg = Debug|Any CPU
		{7C7EA08D-6952-40BE-9EE4-70DA02EBB536}.Debug|x64.Build.0 = Debug|Any CPU
		{7C7EA08D-6952-40BE-9EE4-70DA02EBB536}.Debug|x86.ActiveCfg = Debug|Any CPU
		{7C7EA08D-6952-40BE-9EE4-70DA02EBB536}.Debug|x86.Build.0 = Debug|Any CPU
		{7C7EA08D-6952-40BE-9EE4-70DA02EBB536}.Release|Any CPU.ActiveCfg = Release|Any CPU
		{7C7EA08D-6952-40BE-9EE4-70DA02EBB536}.Release|Any CPU.Build.0 = Release|Any CPU
		{7C7EA08D-6952-40BE-9EE4-70DA02EBB536}.Release|x64.ActiveCfg = Release|Any CPU
		{7C7EA08D-6952-40BE-9EE4-70DA02EBB536}.Release|x64.Build.0 = Release|Any CPU
		{7C7EA08D-6952-40BE-9EE4-70DA02EBB536}.Release|x86.ActiveCfg = Release|Any CPU
		{7C7EA08D-6952-40BE-9EE4-70DA02EBB536}.Release|x86.Build.0 = Release|Any CPU
		{D11BE77F-B814-48C9-8FF5-86EA2541CF2A}.Debug|Any CPU.ActiveCfg = Debug|Any CPU
		{D11BE77F-B814-48C9-8FF5-86EA2541CF2A}.Debug|Any CPU.Build.0 = Debug|Any CPU
		{D11BE77F-B814-48C9-8FF5-86EA2541CF2A}.Debug|x64.ActiveCfg = Debug|Any CPU
		{D11BE77F-B814-48C9-8FF5-86EA2541CF2A}.Debug|x64.Build.0 = Debug|Any CPU
		{D11BE77F-B814-48C9-8FF5-86EA2541CF2A}.Debug|x86.ActiveCfg = Debug|Any CPU
		{D11BE77F-B814-48C9-8FF5-86EA2541CF2A}.Debug|x86.Build.0 = Debug|Any CPU
		{D11BE77F-B814-48C9-8FF5-86EA2541CF2A}.Release|Any CPU.ActiveCfg = Release|Any CPU
		{D11BE77F-B814-48C9-8FF5-86EA2541CF2A}.Release|Any CPU.Build.0 = Release|Any CPU
		{D11BE77F-B814-48C9-8FF5-86EA2541CF2A}.Release|x64.ActiveCfg = Release|Any CPU
		{D11BE77F-B814-48C9-8FF5-86EA2541CF2A}.Release|x64.Build.0 = Release|Any CPU
		{D11BE77F-B814-48C9-8FF5-86EA2541CF2A}.Release|x86.ActiveCfg = Release|Any CPU
		{D11BE77F-B814-48C9-8FF5-86EA2541CF2A}.Release|x86.Build.0 = Release|Any CPU
		{057E24E8-D385-4CEB-B5AC-B5143B945A57}.Debug|Any CPU.ActiveCfg = Debug|Any CPU
		{057E24E8-D385-4CEB-B5AC-B5143B945A57}.Debug|Any CPU.Build.0 = Debug|Any CPU
		{057E24E8-D385-4CEB-B5AC-B5143B945A57}.Debug|x64.ActiveCfg = Debug|Any CPU
		{057E24E8-D385-4CEB-B5AC-B5143B945A57}.Debug|x64.Build.0 = Debug|Any CPU
		{057E24E8-D385-4CEB-B5AC-B5143B945A57}.Debug|x86.ActiveCfg = Debug|Any CPU
		{057E24E8-D385-4CEB-B5AC-B5143B945A57}.Debug|x86.Build.0 = Debug|Any CPU
		{057E24E8-D385-4CEB-B5AC-B5143B945A57}.Release|Any CPU.ActiveCfg = Release|Any CPU
		{057E24E8-D385-4CEB-B5AC-B5143B945A57}.Release|Any CPU.Build.0 = Release|Any CPU
		{057E24E8-D385-4CEB-B5AC-B5143B945A57}.Release|x64.ActiveCfg = Release|Any CPU
		{057E24E8-D385-4CEB-B5AC-B5143B945A57}.Release|x64.Build.0 = Release|Any CPU
		{057E24E8-D385-4CEB-B5AC-B5143B945A57}.Release|x86.ActiveCfg = Release|Any CPU
		{057E24E8-D385-4CEB-B5AC-B5143B945A57}.Release|x86.Build.0 = Release|Any CPU
		{E06A355B-FB29-4C0E-AE04-929B7BCF70DD}.Debug|Any CPU.ActiveCfg = Debug|Any CPU
		{E06A355B-FB29-4C0E-AE04-929B7BCF70DD}.Debug|Any CPU.Build.0 = Debug|Any CPU
		{E06A355B-FB29-4C0E-AE04-929B7BCF70DD}.Debug|x64.ActiveCfg = Debug|Any CPU
		{E06A355B-FB29-4C0E-AE04-929B7BCF70DD}.Debug|x64.Build.0 = Debug|Any CPU
		{E06A355B-FB29-4C0E-AE04-929B7BCF70DD}.Debug|x86.ActiveCfg = Debug|Any CPU
		{E06A355B-FB29-4C0E-AE04-929B7BCF70DD}.Debug|x86.Build.0 = Debug|Any CPU
		{E06A355B-FB29-4C0E-AE04-929B7BCF70DD}.Release|Any CPU.ActiveCfg = Release|Any CPU
		{E06A355B-FB29-4C0E-AE04-929B7BCF70DD}.Release|Any CPU.Build.0 = Release|Any CPU
		{E06A355B-FB29-4C0E-AE04-929B7BCF70DD}.Release|x64.ActiveCfg = Release|Any CPU
		{E06A355B-FB29-4C0E-AE04-929B7BCF70DD}.Release|x64.Build.0 = Release|Any CPU
		{E06A355B-FB29-4C0E-AE04-929B7BCF70DD}.Release|x86.ActiveCfg = Release|Any CPU
		{E06A355B-FB29-4C0E-AE04-929B7BCF70DD}.Release|x86.Build.0 = Release|Any CPU
		{A1DCECD0-D4D6-4DA3-BC73-4C204E4DC1BB}.Debug|Any CPU.ActiveCfg = Debug|Any CPU
		{A1DCECD0-D4D6-4DA3-BC73-4C204E4DC1BB}.Debug|Any CPU.Build.0 = Debug|Any CPU
		{A1DCECD0-D4D6-4DA3-BC73-4C204E4DC1BB}.Debug|x64.ActiveCfg = Debug|Any CPU
		{A1DCECD0-D4D6-4DA3-BC73-4C204E4DC1BB}.Debug|x64.Build.0 = Debug|Any CPU
		{A1DCECD0-D4D6-4DA3-BC73-4C204E4DC1BB}.Debug|x86.ActiveCfg = Debug|Any CPU
		{A1DCECD0-D4D6-4DA3-BC73-4C204E4DC1BB}.Debug|x86.Build.0 = Debug|Any CPU
		{A1DCECD0-D4D6-4DA3-BC73-4C204E4DC1BB}.Release|Any CPU.ActiveCfg = Release|Any CPU
		{A1DCECD0-D4D6-4DA3-BC73-4C204E4DC1BB}.Release|Any CPU.Build.0 = Release|Any CPU
		{A1DCECD0-D4D6-4DA3-BC73-4C204E4DC1BB}.Release|x64.ActiveCfg = Release|Any CPU
		{A1DCECD0-D4D6-4DA3-BC73-4C204E4DC1BB}.Release|x64.Build.0 = Release|Any CPU
		{A1DCECD0-D4D6-4DA3-BC73-4C204E4DC1BB}.Release|x86.ActiveCfg = Release|Any CPU
		{A1DCECD0-D4D6-4DA3-BC73-4C204E4DC1BB}.Release|x86.Build.0 = Release|Any CPU
		{A529500B-84F2-4B4A-84C2-EE020AA5248B}.Debug|Any CPU.ActiveCfg = Debug|Any CPU
		{A529500B-84F2-4B4A-84C2-EE020AA5248B}.Debug|Any CPU.Build.0 = Debug|Any CPU
		{A529500B-84F2-4B4A-84C2-EE020AA5248B}.Debug|x64.ActiveCfg = Debug|Any CPU
		{A529500B-84F2-4B4A-84C2-EE020AA5248B}.Debug|x64.Build.0 = Debug|Any CPU
		{A529500B-84F2-4B4A-84C2-EE020AA5248B}.Debug|x86.ActiveCfg = Debug|Any CPU
		{A529500B-84F2-4B4A-84C2-EE020AA5248B}.Debug|x86.Build.0 = Debug|Any CPU
		{A529500B-84F2-4B4A-84C2-EE020AA5248B}.Release|Any CPU.ActiveCfg = Release|Any CPU
		{A529500B-84F2-4B4A-84C2-EE020AA5248B}.Release|Any CPU.Build.0 = Release|Any CPU
		{A529500B-84F2-4B4A-84C2-EE020AA5248B}.Release|x64.ActiveCfg = Release|Any CPU
		{A529500B-84F2-4B4A-84C2-EE020AA5248B}.Release|x64.Build.0 = Release|Any CPU
		{A529500B-84F2-4B4A-84C2-EE020AA5248B}.Release|x86.ActiveCfg = Release|Any CPU
		{A529500B-84F2-4B4A-84C2-EE020AA5248B}.Release|x86.Build.0 = Release|Any CPU
	EndGlobalSection
	GlobalSection(NestedProjects) = preSolution
		{7C7EA08D-6952-40BE-9EE4-70DA02EBB536} = {A51C4521-F513-4A79-A3B4-C62D17AA7183}
		{D11BE77F-B814-48C9-8FF5-86EA2541CF2A} = {A51C4521-F513-4A79-A3B4-C62D17AA7183}
		{057E24E8-D385-4CEB-B5AC-B5143B945A57} = {A51C4521-F513-4A79-A3B4-C62D17AA7183}
		{E06A355B-FB29-4C0E-AE04-929B7BCF70DD} = {A51C4521-F513-4A79-A3B4-C62D17AA7183}
		{A1DCECD0-D4D6-4DA3-BC73-4C204E4DC1BB} = {A51C4521-F513-4A79-A3B4-C62D17AA7183}
		{A529500B-84F2-4B4A-84C2-EE020AA5248B} = {A51C4521-F513-4A79-A3B4-C62D17AA7183}
	EndGlobalSection
	GlobalSection(MonoDevelopProperties) = preSolution
		Policies = $0
		$0.TextStylePolicy = $1
		$1.FileWidth = 80
		$1.TabsToSpaces = True
		$1.EolMarker = Unix
		$1.scope = text/x-csharp
		$0.CSharpFormattingPolicy = $2
		$2.scope = text/x-csharp
		$0.TextStylePolicy = $3
		$3.FileWidth = 80
		$3.TabsToSpaces = True
		$3.EolMarker = Unix
		$3.scope = text/plain
	EndGlobalSection
EndGlobal
